
Microsoft Visual Studio Solution File, Format Version 12.00
# Visual Studio Version 17
VisualStudioVersion = 17.8.34525.116
MinimumVisualStudioVersion = 10.0.40219.1
Project("{FAE04EC0-301F-11D3-BF4B-00C04F79EFBC}") = "İç içe for döngüsü ile çarpım tablosu", "İç içe for döngüsü ile çarpım tablosu\İç içe for döngüsü ile çarpım tablosu.csproj", "{E3BB2B6B-156D-448A-A694-A3CFD2605F04}"
EndProject
Global
	GlobalSection(SolutionConfigurationPlatforms) = preSolution
		Debug|Any CPU = Debug|Any CPU
		Release|Any CPU = Release|Any CPU
	EndGlobalSection
	GlobalSection(ProjectConfigurationPlatforms) = postSolution
		{E3BB2B6B-156D-448A-A694-A3CFD2605F04}.Debug|Any CPU.ActiveCfg = Debug|Any CPU
		{E3BB2B6B-156D-448A-A694-A3CFD2605F04}.Debug|Any CPU.Build.0 = Debug|Any CPU
		{E3BB2B6B-156D-448A-A694-A3CFD2605F04}.Release|Any CPU.ActiveCfg = Release|Any CPU
		{E3BB2B6B-156D-448A-A694-A3CFD2605F04}.Release|Any CPU.Build.0 = Release|Any CPU
	EndGlobalSection
	GlobalSection(SolutionProperties) = preSolution
		HideSolutionNode = FALSE
	EndGlobalSection
	GlobalSection(ExtensibilityGlobals) = postSolution
		SolutionGuid = {3924FBAE-B2B8-42FE-A2F8-8D05A269977C}
	EndGlobalSection
EndGlobal
